
Microsoft Visual Studio Solution File, Format Version 12.00
# Visual Studio Version 17
VisualStudioVersion = 17.0.31815.197
MinimumVisualStudioVersion = 10.0.40219.1
Project("{9A19103F-16F7-4668-BE54-9A1E7A4F7556}") = "AbstractFactory", "src\CreationalPatterns\AbstractFactory\AbstractFactory.csproj", "{0C04110C-E0D2-4FF9-AA9C-7CE5B72EBB83}"
EndProject
Project("{2150E333-8FDC-42A3-9474-1A3956D46DE8}") = "src", "src", "{E2E1773A-01E6-45EE-8A31-1BAD32F05C6C}"
EndProject
Project("{2150E333-8FDC-42A3-9474-1A3956D46DE8}") = "CreationalPatterns", "CreationalPatterns", "{56454D6E-87C7-4FFF-B042-3D10B88E1A9C}"
EndProject
Project("{9A19103F-16F7-4668-BE54-9A1E7A4F7556}") = "Builder", "src\CreationalPatterns\Builder\Builder.csproj", "{EF6E1587-60A7-4F7C-8BB3-89E8D8B2685B}"
EndProject
Project("{9A19103F-16F7-4668-BE54-9A1E7A4F7556}") = "FactoryMethod", "src\CreationalPatterns\FactoryMethod\FactoryMethod.csproj", "{0E2C743E-8DBF-4A01-91AE-DB2284A1D987}"
EndProject
Project("{9A19103F-16F7-4668-BE54-9A1E7A4F7556}") = "Prototype", "src\CreationalPatterns\Prototype\Prototype.csproj", "{6C1C95F8-1F72-4B73-937E-48A5A86B1963}"
EndProject
Project("{9A19103F-16F7-4668-BE54-9A1E7A4F7556}") = "Singleton", "src\CreationalPatterns\Singleton\Singleton.csproj", "{6AB6C56C-2EE0-46F3-9093-CEA088D47193}"
EndProject
Project("{2150E333-8FDC-42A3-9474-1A3956D46DE8}") = "misc", "misc", "{3A8AFCB8-B4B0-4F83-B8CB-2F2D3D7658F8}"
	ProjectSection(SolutionItems) = preProject
		.gitignore = .gitignore
		README.md = README.md
	EndProjectSection
EndProject
Project("{2150E333-8FDC-42A3-9474-1A3956D46DE8}") = "StructuralPatterns", "StructuralPatterns", "{4876AC14-15AB-4327-872F-2BEFD14EC657}"
EndProject
Project("{2150E333-8FDC-42A3-9474-1A3956D46DE8}") = "BehavioralPatterns", "BehavioralPatterns", "{6B5E539D-A553-416D-A725-84DF0EF21646}"
EndProject
Project("{FAE04EC0-301F-11D3-BF4B-00C04F79EFBC}") = "Adapter", "src\StructuralPatterns\Adapter\Adapter.csproj", "{9DE6F20F-CA0B-4839-ADDB-20E41D8D17CE}"
EndProject
Project("{FAE04EC0-301F-11D3-BF4B-00C04F79EFBC}") = "Bridge", "src\StructuralPatterns\Bridge\Bridge.csproj", "{811E568E-8A05-469A-A26C-B0361A893923}"
EndProject
Project("{FAE04EC0-301F-11D3-BF4B-00C04F79EFBC}") = "Composite", "src\StructuralPatterns\Composite\Composite.csproj", "{8E3E711B-3600-4E97-8CF5-BA40967E1755}"
EndProject
Project("{FAE04EC0-301F-11D3-BF4B-00C04F79EFBC}") = "Decorator", "src\StructuralPatterns\Decorator\Decorator.csproj", "{5E22DA76-1FBC-4E75-AD6A-091CA07AA6C7}"
EndProject
Project("{FAE04EC0-301F-11D3-BF4B-00C04F79EFBC}") = "Facade", "src\StructuralPatterns\Facade\Facade.csproj", "{FF68C75A-CBCD-42DD-A580-E731F1233E7B}"
EndProject
Project("{FAE04EC0-301F-11D3-BF4B-00C04F79EFBC}") = "Flyweight", "src\StructuralPatterns\Flyweight\Flyweight.csproj", "{8DFCC52C-50F4-42A8-A760-DD21D766DD61}"
EndProject
Project("{FAE04EC0-301F-11D3-BF4B-00C04F79EFBC}") = "Proxy", "src\StructuralPatterns\Proxy\Proxy.csproj", "{5F1F998A-A956-4695-9D6E-28629AEC645C}"
EndProject
Global
	GlobalSection(SolutionConfigurationPlatforms) = preSolution
		Debug|Any CPU = Debug|Any CPU
		Release|Any CPU = Release|Any CPU
	EndGlobalSection
	GlobalSection(ProjectConfigurationPlatforms) = postSolution
		{0C04110C-E0D2-4FF9-AA9C-7CE5B72EBB83}.Debug|Any CPU.ActiveCfg = Debug|Any CPU
		{0C04110C-E0D2-4FF9-AA9C-7CE5B72EBB83}.Debug|Any CPU.Build.0 = Debug|Any CPU
		{0C04110C-E0D2-4FF9-AA9C-7CE5B72EBB83}.Release|Any CPU.ActiveCfg = Release|Any CPU
		{0C04110C-E0D2-4FF9-AA9C-7CE5B72EBB83}.Release|Any CPU.Build.0 = Release|Any CPU
		{EF6E1587-60A7-4F7C-8BB3-89E8D8B2685B}.Debug|Any CPU.ActiveCfg = Debug|Any CPU
		{EF6E1587-60A7-4F7C-8BB3-89E8D8B2685B}.Debug|Any CPU.Build.0 = Debug|Any CPU
		{EF6E1587-60A7-4F7C-8BB3-89E8D8B2685B}.Release|Any CPU.ActiveCfg = Release|Any CPU
		{EF6E1587-60A7-4F7C-8BB3-89E8D8B2685B}.Release|Any CPU.Build.0 = Release|Any CPU
		{0E2C743E-8DBF-4A01-91AE-DB2284A1D987}.Debug|Any CPU.ActiveCfg = Debug|Any CPU
		{0E2C743E-8DBF-4A01-91AE-DB2284A1D987}.Debug|Any CPU.Build.0 = Debug|Any CPU
		{0E2C743E-8DBF-4A01-91AE-DB2284A1D987}.Release|Any CPU.ActiveCfg = Release|Any CPU
		{0E2C743E-8DBF-4A01-91AE-DB2284A1D987}.Release|Any CPU.Build.0 = Release|Any CPU
		{6C1C95F8-1F72-4B73-937E-48A5A86B1963}.Debug|Any CPU.ActiveCfg = Debug|Any CPU
		{6C1C95F8-1F72-4B73-937E-48A5A86B1963}.Debug|Any CPU.Build.0 = Debug|Any CPU
		{6C1C95F8-1F72-4B73-937E-48A5A86B1963}.Release|Any CPU.ActiveCfg = Release|Any CPU
		{6C1C95F8-1F72-4B73-937E-48A5A86B1963}.Release|Any CPU.Build.0 = Release|Any CPU
		{6AB6C56C-2EE0-46F3-9093-CEA088D47193}.Debug|Any CPU.ActiveCfg = Debug|Any CPU
		{6AB6C56C-2EE0-46F3-9093-CEA088D47193}.Debug|Any CPU.Build.0 = Debug|Any CPU
		{6AB6C56C-2EE0-46F3-9093-CEA088D47193}.Release|Any CPU.ActiveCfg = Release|Any CPU
		{6AB6C56C-2EE0-46F3-9093-CEA088D47193}.Release|Any CPU.Build.0 = Release|Any CPU
		{9DE6F20F-CA0B-4839-ADDB-20E41D8D17CE}.Debug|Any CPU.ActiveCfg = Debug|Any CPU
		{9DE6F20F-CA0B-4839-ADDB-20E41D8D17CE}.Debug|Any CPU.Build.0 = Debug|Any CPU
		{9DE6F20F-CA0B-4839-ADDB-20E41D8D17CE}.Release|Any CPU.ActiveCfg = Release|Any CPU
		{9DE6F20F-CA0B-4839-ADDB-20E41D8D17CE}.Release|Any CPU.Build.0 = Release|Any CPU
		{811E568E-8A05-469A-A26C-B0361A893923}.Debug|Any CPU.ActiveCfg = Debug|Any CPU
		{811E568E-8A05-469A-A26C-B0361A893923}.Debug|Any CPU.Build.0 = Debug|Any CPU
		{811E568E-8A05-469A-A26C-B0361A893923}.Release|Any CPU.ActiveCfg = Release|Any CPU
		{811E568E-8A05-469A-A26C-B0361A893923}.Release|Any CPU.Build.0 = Release|Any CPU
		{8E3E711B-3600-4E97-8CF5-BA40967E1755}.Debug|Any CPU.ActiveCfg = Debug|Any CPU
		{8E3E711B-3600-4E97-8CF5-BA40967E1755}.Debug|Any CPU.Build.0 = Debug|Any CPU
		{8E3E711B-3600-4E97-8CF5-BA40967E1755}.Release|Any CPU.ActiveCfg = Release|Any CPU
		{8E3E711B-3600-4E97-8CF5-BA40967E1755}.Release|Any CPU.Build.0 = Release|Any CPU
		{5E22DA76-1FBC-4E75-AD6A-091CA07AA6C7}.Debug|Any CPU.ActiveCfg = Debug|Any CPU
		{5E22DA76-1FBC-4E75-AD6A-091CA07AA6C7}.Debug|Any CPU.Build.0 = Debug|Any CPU
		{5E22DA76-1FBC-4E75-AD6A-091CA07AA6C7}.Release|Any CPU.ActiveCfg = Release|Any CPU
		{5E22DA76-1FBC-4E75-AD6A-091CA07AA6C7}.Release|Any CPU.Build.0 = Release|Any CPU
		{FF68C75A-CBCD-42DD-A580-E731F1233E7B}.Debug|Any CPU.ActiveCfg = Debug|Any CPU
		{FF68C75A-CBCD-42DD-A580-E731F1233E7B}.Debug|Any CPU.Build.0 = Debug|Any CPU
		{FF68C75A-CBCD-42DD-A580-E731F1233E7B}.Release|Any CPU.ActiveCfg = Release|Any CPU
		{FF68C75A-CBCD-42DD-A580-E731F1233E7B}.Release|Any CPU.Build.0 = Release|Any CPU
		{8DFCC52C-50F4-42A8-A760-DD21D766DD61}.Debug|Any CPU.ActiveCfg = Debug|Any CPU
		{8DFCC52C-50F4-42A8-A760-DD21D766DD61}.Debug|Any CPU.Build.0 = Debug|Any CPU
		{8DFCC52C-50F4-42A8-A760-DD21D766DD61}.Release|Any CPU.ActiveCfg = Release|Any CPU
		{8DFCC52C-50F4-42A8-A760-DD21D766DD61}.Release|Any CPU.Build.0 = Release|Any CPU
		{5F1F998A-A956-4695-9D6E-28629AEC645C}.Debug|Any CPU.ActiveCfg = Debug|Any CPU
		{5F1F998A-A956-4695-9D6E-28629AEC645C}.Debug|Any CPU.Build.0 = Debug|Any CPU
		{5F1F998A-A956-4695-9D6E-28629AEC645C}.Release|Any CPU.ActiveCfg = Release|Any CPU
		{5F1F998A-A956-4695-9D6E-28629AEC645C}.Release|Any CPU.Build.0 = Release|Any CPU
	EndGlobalSection
	GlobalSection(SolutionProperties) = preSolution
		HideSolutionNode = FALSE
	EndGlobalSection
	GlobalSection(NestedProjects) = preSolution
		{0C04110C-E0D2-4FF9-AA9C-7CE5B72EBB83} = {56454D6E-87C7-4FFF-B042-3D10B88E1A9C}
		{56454D6E-87C7-4FFF-B042-3D10B88E1A9C} = {E2E1773A-01E6-45EE-8A31-1BAD32F05C6C}
		{EF6E1587-60A7-4F7C-8BB3-89E8D8B2685B} = {56454D6E-87C7-4FFF-B042-3D10B88E1A9C}
		{0E2C743E-8DBF-4A01-91AE-DB2284A1D987} = {56454D6E-87C7-4FFF-B042-3D10B88E1A9C}
		{6C1C95F8-1F72-4B73-937E-48A5A86B1963} = {56454D6E-87C7-4FFF-B042-3D10B88E1A9C}
		{6AB6C56C-2EE0-46F3-9093-CEA088D47193} = {56454D6E-87C7-4FFF-B042-3D10B88E1A9C}
		{4876AC14-15AB-4327-872F-2BEFD14EC657} = {E2E1773A-01E6-45EE-8A31-1BAD32F05C6C}
		{6B5E539D-A553-416D-A725-84DF0EF21646} = {E2E1773A-01E6-45EE-8A31-1BAD32F05C6C}
		{9DE6F20F-CA0B-4839-ADDB-20E41D8D17CE} = {4876AC14-15AB-4327-872F-2BEFD14EC657}
		{811E568E-8A05-469A-A26C-B0361A893923} = {4876AC14-15AB-4327-872F-2BEFD14EC657}
		{8E3E711B-3600-4E97-8CF5-BA40967E1755} = {4876AC14-15AB-4327-872F-2BEFD14EC657}
		{5E22DA76-1FBC-4E75-AD6A-091CA07AA6C7} = {4876AC14-15AB-4327-872F-2BEFD14EC657}
		{FF68C75A-CBCD-42DD-A580-E731F1233E7B} = {4876AC14-15AB-4327-872F-2BEFD14EC657}
		{8DFCC52C-50F4-42A8-A760-DD21D766DD61} = {4876AC14-15AB-4327-872F-2BEFD14EC657}
		{5F1F998A-A956-4695-9D6E-28629AEC645C} = {4876AC14-15AB-4327-872F-2BEFD14EC657}
	EndGlobalSection
	GlobalSection(ExtensibilityGlobals) = postSolution
		SolutionGuid = {414B711F-0224-4ED8-ACDD-79E012005E7B}
	EndGlobalSection
EndGlobal
